
Microsoft Visual Studio Solution File, Format Version 12.00
# Visual Studio Version 17
VisualStudioVersion = 17.14.36221.1 d17.14
MinimumVisualStudioVersion = 10.0.40219.1
Project("{FAE04EC0-301F-11D3-BF4B-00C04F79EFBC}") = "BankingApp.Application", "BankingApp\BankingApp.Application.csproj", "{3871CDA5-BDEE-449B-8288-8F31D70E0310}"
EndProject
Project("{FAE04EC0-301F-11D3-BF4B-00C04F79EFBC}") = "BankingApp.Core", "BankingApp.Core\BankingApp.Core.csproj", "{75C9D82C-2C4F-4FBF-B570-484B5CA336C5}"
EndProject
Project("{FAE04EC0-301F-11D3-BF4B-00C04F79EFBC}") = "BankingAPP.Infrastructure", "BankingAPP.Infrastructure\BankingAPP.Infrastructure.csproj", "{660207E8-CC09-48C5-A84C-935D5BCF020E}"
EndProject
Project("{FAE04EC0-301F-11D3-BF4B-00C04F79EFBC}") = "BankingAPP.API", "BankingAPP.API\BankingAPP.API.csproj", "{FB8BD153-015D-4E33-AD87-0219E8C0DC02}"
EndProject
Project("{FAE04EC0-301F-11D3-BF4B-00C04F79EFBC}") = "BankingAPP.Test", "BankingAPP.Test\BankingAPP.Test.csproj", "{773531D2-B073-4F70-9B61-A617B7234723}"
EndProject
Global
	GlobalSection(SolutionConfigurationPlatforms) = preSolution
		Debug|Any CPU = Debug|Any CPU
		Release|Any CPU = Release|Any CPU
	EndGlobalSection
	GlobalSection(ProjectConfigurationPlatforms) = postSolution
		{3871CDA5-BDEE-449B-8288-8F31D70E0310}.Debug|Any CPU.ActiveCfg = Debug|Any CPU
		{3871CDA5-BDEE-449B-8288-8F31D70E0310}.Debug|Any CPU.Build.0 = Debug|Any CPU
		{3871CDA5-BDEE-449B-8288-8F31D70E0310}.Release|Any CPU.ActiveCfg = Release|Any CPU
		{3871CDA5-BDEE-449B-8288-8F31D70E0310}.Release|Any CPU.Build.0 = Release|Any CPU
		{75C9D82C-2C4F-4FBF-B570-484B5CA336C5}.Debug|Any CPU.ActiveCfg = Debug|Any CPU
		{75C9D82C-2C4F-4FBF-B570-484B5CA336C5}.Debug|Any CPU.Build.0 = Debug|Any CPU
		{75C9D82C-2C4F-4FBF-B570-484B5CA336C5}.Release|Any CPU.ActiveCfg = Release|Any CPU
		{75C9D82C-2C4F-4FBF-B570-484B5CA336C5}.Release|Any CPU.Build.0 = Release|Any CPU
		{660207E8-CC09-48C5-A84C-935D5BCF020E}.Debug|Any CPU.ActiveCfg = Debug|Any CPU
		{660207E8-CC09-48C5-A84C-935D5BCF020E}.Debug|Any CPU.Build.0 = Debug|Any CPU
		{660207E8-CC09-48C5-A84C-935D5BCF020E}.Release|Any CPU.ActiveCfg = Release|Any CPU
		{660207E8-CC09-48C5-A84C-935D5BCF020E}.Release|Any CPU.Build.0 = Release|Any CPU
		{FB8BD153-015D-4E33-AD87-0219E8C0DC02}.Debug|Any CPU.ActiveCfg = Debug|Any CPU
		{FB8BD153-015D-4E33-AD87-0219E8C0DC02}.Debug|Any CPU.Build.0 = Debug|Any CPU
		{FB8BD153-015D-4E33-AD87-0219E8C0DC02}.Release|Any CPU.ActiveCfg = Release|Any CPU
		{FB8BD153-015D-4E33-AD87-0219E8C0DC02}.Release|Any CPU.Build.0 = Release|Any CPU
		{773531D2-B073-4F70-9B61-A617B7234723}.Debug|Any CPU.ActiveCfg = Debug|Any CPU
		{773531D2-B073-4F70-9B61-A617B7234723}.Debug|Any CPU.Build.0 = Debug|Any CPU
		{773531D2-B073-4F70-9B61-A617B7234723}.Release|Any CPU.ActiveCfg = Release|Any CPU
		{773531D2-B073-4F70-9B61-A617B7234723}.Release|Any CPU.Build.0 = Release|Any CPU
	EndGlobalSection
	GlobalSection(SolutionProperties) = preSolution
		HideSolutionNode = FALSE
	EndGlobalSection
	GlobalSection(ExtensibilityGlobals) = postSolution
		SolutionGuid = {51EF4FA2-EEC6-487B-AC60-CCE81BDC923D}
	EndGlobalSection
EndGlobal
